
Microsoft Visual Studio Solution File, Format Version 12.00
# Visual Studio Version 17
VisualStudioVersion = 17.5.33516.290
MinimumVisualStudioVersion = 10.0.40219.1
Project("{FAE04EC0-301F-11D3-BF4B-00C04F79EFBC}") = "omori-autopatcher", "omori-autopatcher\omori-autopatcher.csproj", "{22C2CD68-777F-4B4A-A984-5920D2E2F0AB}"
EndProject
Project("{8BC9CEB8-8B4A-11D0-8D11-00A0C91BC942}") = "libomori-autopatcher", "libomori-autopatcher\libomori-autopatcher.vcxproj", "{87FA4237-FBA5-4D88-9273-E1C172C57FCB}"
EndProject
Global
	GlobalSection(SolutionConfigurationPlatforms) = preSolution
		Debug|Any CPU = Debug|Any CPU
		Debug|x64 = Debug|x64
		Release|Any CPU = Release|Any CPU
		Release|x64 = Release|x64
	EndGlobalSection
	GlobalSection(ProjectConfigurationPlatforms) = postSolution
		{22C2CD68-777F-4B4A-A984-5920D2E2F0AB}.Debug|Any CPU.ActiveCfg = Debug|Any CPU
		{22C2CD68-777F-4B4A-A984-5920D2E2F0AB}.Debug|Any CPU.Build.0 = Debug|Any CPU
		{22C2CD68-777F-4B4A-A984-5920D2E2F0AB}.Debug|x64.ActiveCfg = Debug|x64
		{22C2CD68-777F-4B4A-A984-5920D2E2F0AB}.Debug|x64.Build.0 = Debug|x64
		{22C2CD68-777F-4B4A-A984-5920D2E2F0AB}.Release|x64.ActiveCfg = Release|x64
		{22C2CD68-777F-4B4A-A984-5920D2E2F0AB}.Release|x64.Build.0 = Release|x64
		{22C2CD68-777F-4B4A-A984-5920D2E2F0AB}.Release|Any CPU.ActiveCfg = Debug|x64
		{22C2CD68-777F-4B4A-A984-5920D2E2F0AB}.Release|Any CPU.Build.0 = Debug|x64
		{87FA4237-FBA5-4D88-9273-E1C172C57FCB}.Debug|Any CPU.ActiveCfg = Debug|x64
		{87FA4237-FBA5-4D88-9273-E1C172C57FCB}.Debug|Any CPU.Build.0 = Debug|x64
		{87FA4237-FBA5-4D88-9273-E1C172C57FCB}.Debug|x64.ActiveCfg = Debug|x64
		{87FA4237-FBA5-4D88-9273-E1C172C57FCB}.Debug|x64.Build.0 = Debug|x64
		{87FA4237-FBA5-4D88-9273-E1C172C57FCB}.Release|Any CPU.ActiveCfg = Debug|x64
		{87FA4237-FBA5-4D88-9273-E1C172C57FCB}.Release|Any CPU.Build.0 = Debug|x64
		{87FA4237-FBA5-4D88-9273-E1C172C57FCB}.Release|x64.ActiveCfg = Release|x64
		{87FA4237-FBA5-4D88-9273-E1C172C57FCB}.Release|x64.Build.0 = Release|x64
	EndGlobalSection
	GlobalSection(SolutionProperties) = preSolution
		HideSolutionNode = FALSE
	EndGlobalSection
EndGlobal
