
Microsoft Visual Studio Solution File, Format Version 12.00
Project("{FAE04EC0-301F-11D3-BF4B-00C04F79EFBC}") = "omori-autopatcher", "omori-autopatcher\omori-autopatcher.csproj", "{22C2CD68-777F-4B4A-A984-5920D2E2F0AB}"
EndProject
Project("{8BC9CEB8-8B4A-11D0-8D11-00A0C91BC942}") = "libomori-autopatcher", "libomori-autopatcher\libomori-autopatcher.vcxproj", "{87FA4237-FBA5-4D88-9273-E1C172C57FCB}"
EndProject
Global
	GlobalSection(SolutionConfigurationPlatforms) = preSolution
		Debug|Any CPU = Debug|Any CPU
		Release|Any CPU = Release|Any CPU
	EndGlobalSection
	GlobalSection(ProjectConfigurationPlatforms) = postSolution
		{22C2CD68-777F-4B4A-A984-5920D2E2F0AB}.Debug|Any CPU.ActiveCfg = Debug|Any CPU
		{22C2CD68-777F-4B4A-A984-5920D2E2F0AB}.Debug|Any CPU.Build.0 = Debug|Any CPU
		{22C2CD68-777F-4B4A-A984-5920D2E2F0AB}.Release|Any CPU.ActiveCfg = Release|Any CPU
		{22C2CD68-777F-4B4A-A984-5920D2E2F0AB}.Release|Any CPU.Build.0 = Release|Any CPU
		{87FA4237-FBA5-4D88-9273-E1C172C57FCB}.Debug|Any CPU.ActiveCfg = Debug|Win32
		{87FA4237-FBA5-4D88-9273-E1C172C57FCB}.Debug|Any CPU.Build.0 = Debug|Win32
		{87FA4237-FBA5-4D88-9273-E1C172C57FCB}.Release|Any CPU.ActiveCfg = Release|Win32
		{87FA4237-FBA5-4D88-9273-E1C172C57FCB}.Release|Any CPU.Build.0 = Release|Win32
	EndGlobalSection
EndGlobal
